
Microsoft Visual Studio Solution File, Format Version 12.00
# Visual Studio 2012
Project("{8BC9CEB8-8B4A-11D0-8D11-00A0C91BC942}") = "validation", "validation\validation.vcxproj", "{FF8C4F8A-CBBF-43C4-93DB-E99DCAD4366D}"
EndProject
Project("{8BC9CEB8-8B4A-11D0-8D11-00A0C91BC942}") = "sofa", "sofa\sofa.vcxproj", "{DAA1DEBF-FF57-4712-BBB2-E3E5CEE639E1}"
EndProject
Global
	GlobalSection(SolutionConfigurationPlatforms) = preSolution
		Debug|Win32 = Debug|Win32
		Release|Win32 = Release|Win32
	EndGlobalSection
	GlobalSection(ProjectConfigurationPlatforms) = postSolution
		{FF8C4F8A-CBBF-43C4-93DB-E99DCAD4366D}.Debug|Win32.ActiveCfg = Debug|Win32
		{FF8C4F8A-CBBF-43C4-93DB-E99DCAD4366D}.Debug|Win32.Build.0 = Debug|Win32
		{FF8C4F8A-CBBF-43C4-93DB-E99DCAD4366D}.Release|Win32.ActiveCfg = Release|Win32
		{FF8C4F8A-CBBF-43C4-93DB-E99DCAD4366D}.Release|Win32.Build.0 = Release|Win32
		{DAA1DEBF-FF57-4712-BBB2-E3E5CEE639E1}.Debug|Win32.ActiveCfg = Debug|Win32
		{DAA1DEBF-FF57-4712-BBB2-E3E5CEE639E1}.Debug|Win32.Build.0 = Debug|Win32
		{DAA1DEBF-FF57-4712-BBB2-E3E5CEE639E1}.Release|Win32.ActiveCfg = Release|Win32
		{DAA1DEBF-FF57-4712-BBB2-E3E5CEE639E1}.Release|Win32.Build.0 = Release|Win32
	EndGlobalSection
	GlobalSection(SolutionProperties) = preSolution
		HideSolutionNode = FALSE
	EndGlobalSection
EndGlobal
